{
  "name": "reading-list",
  "version": "1.0.0",
  "lockfileVersion": 1,
  "requires": true,
  "dependencies": {
    "@platojar/cli": {
      "version": "0.0.3",
      "resolved": "https://registry.npmjs.org/@platojar/cli/-/cli-0.0.3.tgz",
      "integrity": "sha512-yQIo26wQTa3gdyzh9zIAi+OhZ1QY6UTKYPRLgDH7m9VISA2V5kzxhPdp8KxI+zF6N/kQ5Cl56X3ZFoYfJ0hJsQ==",
      "dev": true
    }
  }
}
