{
  "name": "reading-list",
  "version": "1.0.1",
  "lockfileVersion": 1,
  "requires": true,
  "dependencies": {
    "@platojar/cli": {
      "version": "0.0.17",
      "resolved": "https://registry.npmjs.org/@platojar/cli/-/cli-0.0.17.tgz",
      "integrity": "sha512-n+x12F4i+o9oh7IzL7CJyj2/AQhlp8Lsnp8XfirOAzT+ja/0aDOb8B8PsKxqEjXMEjspQ80O96Ml7F0ql7Ne2g==",
      "dev": true
    }
  }
}
