{
  "name": "reading-list",
  "version": "1.0.1",
  "lockfileVersion": 1,
  "requires": true,
  "dependencies": {
    "@platojar/cli": {
      "version": "0.0.16",
      "resolved": "https://registry.npmjs.org/@platojar/cli/-/cli-0.0.16.tgz",
      "integrity": "sha512-2a+X/n67P/p4/67i6Y36D//pinxl39CHt76Ei6EFeltH89uY+9Fqn1UvlBwrrL15t7PMnx2YwAKZ1X4OE+/TaA==",
      "dev": true
    }
  }
}
